// !$*UTF8*$!
{
	archiveVersion = 1;
	classes = {
	};
	objectVersion = 55;
	objects = {

/* Begin PBXBuildFile section */
		D2FC808627B41E28003110DA /* AppDelegate.swift in Sources */ = {isa = PBXBuildFile; fileRef = D2FC808527B41E28003110DA /* AppDelegate.swift */; };
		D2FC808827B41E28003110DA /* SceneDelegate.swift in Sources */ = {isa = PBXBuildFile; fileRef = D2FC808727B41E28003110DA /* SceneDelegate.swift */; };
		D2FC808D27B41E28003110DA /* Main.storyboard in Resources */ = {isa = PBXBuildFile; fileRef = D2FC808B27B41E28003110DA /* Main.storyboard */; };
		D2FC808F27B41E2A003110DA /* Assets.xcassets in Resources */ = {isa = PBXBuildFile; fileRef = D2FC808E27B41E2A003110DA /* Assets.xcassets */; };
		D2FC809227B41E2A003110DA /* LaunchScreen.storyboard in Resources */ = {isa = PBXBuildFile; fileRef = D2FC809027B41E2A003110DA /* LaunchScreen.storyboard */; };
		D2FC80A227B421C7003110DA /* Coin.swift in Sources */ = {isa = PBXBuildFile; fileRef = D2FC80A127B421C7003110DA /* Coin.swift */; };
		D2FC80A427B4248D003110DA /* NetworkController.swift in Sources */ = {isa = PBXBuildFile; fileRef = D2FC80A327B4248D003110DA /* NetworkController.swift */; };
		D2FC80A627B424E7003110DA /* ResultError.swift in Sources */ = {isa = PBXBuildFile; fileRef = D2FC80A527B424E7003110DA /* ResultError.swift */; };
		D2FC80A827B43321003110DA /* CoinListViewController.swift in Sources */ = {isa = PBXBuildFile; fileRef = D2FC80A727B43321003110DA /* CoinListViewController.swift */; };
		D2FC80AA27B43448003110DA /* CoinTableViewCell.swift in Sources */ = {isa = PBXBuildFile; fileRef = D2FC80A927B43448003110DA /* CoinTableViewCell.swift */; };
/* End PBXBuildFile section */

/* Begin PBXFileReference section */
		D2FC808227B41E28003110DA /* CryptoViewer.app */ = {isa = PBXFileReference; explicitFileType = wrapper.application; includeInIndex = 0; path = CryptoViewer.app; sourceTree = BUILT_PRODUCTS_DIR; };
		D2FC808527B41E28003110DA /* AppDelegate.swift */ = {isa = PBXFileReference; lastKnownFileType = sourcecode.swift; path = AppDelegate.swift; sourceTree = "<group>"; };
		D2FC808727B41E28003110DA /* SceneDelegate.swift */ = {isa = PBXFileReference; lastKnownFileType = sourcecode.swift; path = SceneDelegate.swift; sourceTree = "<group>"; };
		D2FC808C27B41E28003110DA /* Base */ = {isa = PBXFileReference; lastKnownFileType = file.storyboard; name = Base; path = Base.lproj/Main.storyboard; sourceTree = "<group>"; };
		D2FC808E27B41E2A003110DA /* Assets.xcassets */ = {isa = PBXFileReference; lastKnownFileType = folder.assetcatalog; path = Assets.xcassets; sourceTree = "<group>"; };
		D2FC809127B41E2A003110DA /* Base */ = {isa = PBXFileReference; lastKnownFileType = file.storyboard; name = Base; path = Base.lproj/LaunchScreen.storyboard; sourceTree = "<group>"; };
		D2FC809327B41E2A003110DA /* Info.plist */ = {isa = PBXFileReference; lastKnownFileType = text.plist.xml; path = Info.plist; sourceTree = "<group>"; };
		D2FC80A127B421C7003110DA /* Coin.swift */ = {isa = PBXFileReference; lastKnownFileType = sourcecode.swift; path = Coin.swift; sourceTree = "<group>"; };
		D2FC80A327B4248D003110DA /* NetworkController.swift */ = {isa = PBXFileReference; lastKnownFileType = sourcecode.swift; path = NetworkController.swift; sourceTree = "<group>"; };
		D2FC80A527B424E7003110DA /* ResultError.swift */ = {isa = PBXFileReference; lastKnownFileType = sourcecode.swift; path = ResultError.swift; sourceTree = "<group>"; };
		D2FC80A727B43321003110DA /* CoinListViewController.swift */ = {isa = PBXFileReference; lastKnownFileType = sourcecode.swift; path = CoinListViewController.swift; sourceTree = "<group>"; };
		D2FC80A927B43448003110DA /* CoinTableViewCell.swift */ = {isa = PBXFileReference; lastKnownFileType = sourcecode.swift; path = CoinTableViewCell.swift; sourceTree = "<group>"; };
/* End PBXFileReference section */

/* Begin PBXFrameworksBuildPhase section */
		D2FC807F27B41E28003110DA /* Frameworks */ = {
			isa = PBXFrameworksBuildPhase;
			buildActionMask = 2147483647;
			files = (
			);
			runOnlyForDeploymentPostprocessing = 0;
		};
/* End PBXFrameworksBuildPhase section */

/* Begin PBXGroup section */
		D2FC807927B41E28003110DA = {
			isa = PBXGroup;
			children = (
				D2FC808427B41E28003110DA /* CryptoViewer */,
				D2FC808327B41E28003110DA /* Products */,
			);
			sourceTree = "<group>";
		};
		D2FC808327B41E28003110DA /* Products */ = {
			isa = PBXGroup;
			children = (
				D2FC808227B41E28003110DA /* CryptoViewer.app */,
			);
			name = Products;
			sourceTree = "<group>";
		};
		D2FC808427B41E28003110DA /* CryptoViewer */ = {
			isa = PBXGroup;
			children = (
				D2FC809C27B421A3003110DA /* Views */,
				D2FC809B27B421A0003110DA /* Models */,
				D2FC809A27B4219B003110DA /* Controllers */,
				D2FC809927B41EF3003110DA /* Resources */,
			);
			path = CryptoViewer;
			sourceTree = "<group>";
		};
		D2FC809927B41EF3003110DA /* Resources */ = {
			isa = PBXGroup;
			children = (
				D2FC808527B41E28003110DA /* AppDelegate.swift */,
				D2FC808727B41E28003110DA /* SceneDelegate.swift */,
				D2FC808E27B41E2A003110DA /* Assets.xcassets */,
				D2FC809027B41E2A003110DA /* LaunchScreen.storyboard */,
				D2FC809327B41E2A003110DA /* Info.plist */,
			);
			path = Resources;
			sourceTree = "<group>";
		};
		D2FC809A27B4219B003110DA /* Controllers */ = {
			isa = PBXGroup;
			children = (
				D2FC80A027B421B8003110DA /* VIew */,
				D2FC809F27B421B4003110DA /* Model */,
				D2FC809E27B421B1003110DA /* Network */,
				D2FC809D27B421AD003110DA /* Cell */,
			);
			path = Controllers;
			sourceTree = "<group>";
		};
		D2FC809B27B421A0003110DA /* Models */ = {
			isa = PBXGroup;
			children = (
				D2FC80A127B421C7003110DA /* Coin.swift */,
			);
			path = Models;
			sourceTree = "<group>";
		};
		D2FC809C27B421A3003110DA /* Views */ = {
			isa = PBXGroup;
			children = (
				D2FC808B27B41E28003110DA /* Main.storyboard */,
			);
			path = Views;
			sourceTree = "<group>";
		};
		D2FC809D27B421AD003110DA /* Cell */ = {
			isa = PBXGroup;
			children = (
				D2FC80A927B43448003110DA /* CoinTableViewCell.swift */,
			);
			path = Cell;
			sourceTree = "<group>";
		};
		D2FC809E27B421B1003110DA /* Network */ = {
			isa = PBXGroup;
			children = (
				D2FC80A327B4248D003110DA /* NetworkController.swift */,
				D2FC80A527B424E7003110DA /* ResultError.swift */,
			);
			path = Network;
			sourceTree = "<group>";
		};
		D2FC809F27B421B4003110DA /* Model */ = {
			isa = PBXGroup;
			children = (
			);
			path = Model;
			sourceTree = "<group>";
		};
		D2FC80A027B421B8003110DA /* VIew */ = {
			isa = PBXGroup;
			children = (
				D2FC80A727B43321003110DA /* CoinListViewController.swift */,
			);
			path = VIew;
			sourceTree = "<group>";
		};
/* End PBXGroup section */

/* Begin PBXNativeTarget section */
		D2FC808127B41E28003110DA /* CryptoViewer */ = {
			isa = PBXNativeTarget;
			buildConfigurationList = D2FC809627B41E2A003110DA /* Build configuration list for PBXNativeTarget "CryptoViewer" */;
			buildPhases = (
				D2FC807E27B41E28003110DA /* Sources */,
				D2FC807F27B41E28003110DA /* Frameworks */,
				D2FC808027B41E28003110DA /* Resources */,
			);
			buildRules = (
			);
			dependencies = (
			);
			name = CryptoViewer;
			productName = CryptoViewer;
			productReference = D2FC808227B41E28003110DA /* CryptoViewer.app */;
			productType = "com.apple.product-type.application";
		};
/* End PBXNativeTarget section */

/* Begin PBXProject section */
		D2FC807A27B41E28003110DA /* Project object */ = {
			isa = PBXProject;
			attributes = {
				BuildIndependentTargetsInParallel = 1;
				LastSwiftUpdateCheck = 1320;
				LastUpgradeCheck = 1320;
				TargetAttributes = {
					D2FC808127B41E28003110DA = {
						CreatedOnToolsVersion = 13.2.1;
					};
				};
			};
			buildConfigurationList = D2FC807D27B41E28003110DA /* Build configuration list for PBXProject "CryptoViewer" */;
			compatibilityVersion = "Xcode 13.0";
			developmentRegion = en;
			hasScannedForEncodings = 0;
			knownRegions = (
				en,
				Base,
			);
			mainGroup = D2FC807927B41E28003110DA;
			productRefGroup = D2FC808327B41E28003110DA /* Products */;
			projectDirPath = "";
			projectRoot = "";
			targets = (
				D2FC808127B41E28003110DA /* CryptoViewer */,
			);
		};
/* End PBXProject section */

/* Begin PBXResourcesBuildPhase section */
		D2FC808027B41E28003110DA /* Resources */ = {
			isa = PBXResourcesBuildPhase;
			buildActionMask = 2147483647;
			files = (
				D2FC809227B41E2A003110DA /* LaunchScreen.storyboard in Resources */,
				D2FC808F27B41E2A003110DA /* Assets.xcassets in Resources */,
				D2FC808D27B41E28003110DA /* Main.storyboard in Resources */,
			);
			runOnlyForDeploymentPostprocessing = 0;
		};
/* End PBXResourcesBuildPhase section */

/* Begin PBXSourcesBuildPhase section */
		D2FC807E27B41E28003110DA /* Sources */ = {
			isa = PBXSourcesBuildPhase;
			buildActionMask = 2147483647;
			files = (
				D2FC80A427B4248D003110DA /* NetworkController.swift in Sources */,
				D2FC80A627B424E7003110DA /* ResultError.swift in Sources */,
				D2FC80A227B421C7003110DA /* Coin.swift in Sources */,
				D2FC80A827B43321003110DA /* CoinListViewController.swift in Sources */,
				D2FC808627B41E28003110DA /* AppDelegate.swift in Sources */,
				D2FC808827B41E28003110DA /* SceneDelegate.swift in Sources */,
				D2FC80AA27B43448003110DA /* CoinTableViewCell.swift in Sources */,
			);
			runOnlyForDeploymentPostprocessing = 0;
		};
/* End PBXSourcesBuildPhase section */

/* Begin PBXVariantGroup section */
		D2FC808B27B41E28003110DA /* Main.storyboard */ = {
			isa = PBXVariantGroup;
			children = (
				D2FC808C27B41E28003110DA /* Base */,
			);
			name = Main.storyboard;
			sourceTree = "<group>";
		};
		D2FC809027B41E2A003110DA /* LaunchScreen.storyboard */ = {
			isa = PBXVariantGroup;
			children = (
				D2FC809127B41E2A003110DA /* Base */,
			);
			name = LaunchScreen.storyboard;
			sourceTree = "<group>";
		};
/* End PBXVariantGroup section */

/* Begin XCBuildConfiguration section */
		D2FC809427B41E2A003110DA /* Debug */ = {
			isa = XCBuildConfiguration;
			buildSettings = {
				ALWAYS_SEARCH_USER_PATHS = NO;
				CLANG_ANALYZER_NONNULL = YES;
				CLANG_ANALYZER_NUMBER_OBJECT_CONVERSION = YES_AGGRESSIVE;
				CLANG_CXX_LANGUAGE_STANDARD = "gnu++17";
				CLANG_CXX_LIBRARY = "libc++";
				CLANG_ENABLE_MODULES = YES;
				CLANG_ENABLE_OBJC_ARC = YES;
				CLANG_ENABLE_OBJC_WEAK = YES;
				CLANG_WARN_BLOCK_CAPTURE_AUTORELEASING = YES;
				CLANG_WARN_BOOL_CONVERSION = YES;
				CLANG_WARN_COMMA = YES;
				CLANG_WARN_CONSTANT_CONVERSION = YES;
				CLANG_WARN_DEPRECATED_OBJC_IMPLEMENTATIONS = YES;
				CLANG_WARN_DIRECT_OBJC_ISA_USAGE = YES_ERROR;
				CLANG_WARN_DOCUMENTATION_COMMENTS = YES;
				CLANG_WARN_EMPTY_BODY = YES;
				CLANG_WARN_ENUM_CONVERSION = YES;
				CLANG_WARN_INFINITE_RECURSION = YES;
				CLANG_WARN_INT_CONVERSION = YES;
				CLANG_WARN_NON_LITERAL_NULL_CONVERSION = YES;
				CLANG_WARN_OBJC_IMPLICIT_RETAIN_SELF = YES;
				CLANG_WARN_OBJC_LITERAL_CONVERSION = YES;
				CLANG_WARN_OBJC_ROOT_CLASS = YES_ERROR;
				CLANG_WARN_QUOTED_INCLUDE_IN_FRAMEWORK_HEADER = YES;
				CLANG_WARN_RANGE_LOOP_ANALYSIS = YES;
				CLANG_WARN_STRICT_PROTOTYPES = YES;
				CLANG_WARN_SUSPICIOUS_MOVE = YES;
				CLANG_WARN_UNGUARDED_AVAILABILITY = YES_AGGRESSIVE;
				CLANG_WARN_UNREACHABLE_CODE = YES;
				CLANG_WARN__DUPLICATE_METHOD_MATCH = YES;
				COPY_PHASE_STRIP = NO;
				DEBUG_INFORMATION_FORMAT = dwarf;
				ENABLE_STRICT_OBJC_MSGSEND = YES;
				ENABLE_TESTABILITY = YES;
				GCC_C_LANGUAGE_STANDARD = gnu11;
				GCC_DYNAMIC_NO_PIC = NO;
				GCC_NO_COMMON_BLOCKS = YES;
				GCC_OPTIMIZATION_LEVEL = 0;
				GCC_PREPROCESSOR_DEFINITIONS = (
					"DEBUG=1",
					"$(inherited)",
				);
				GCC_WARN_64_TO_32_BIT_CONVERSION = YES;
				GCC_WARN_ABOUT_RETURN_TYPE = YES_ERROR;
				GCC_WARN_UNDECLARED_SELECTOR = YES;
				GCC_WARN_UNINITIALIZED_AUTOS = YES_AGGRESSIVE;
				GCC_WARN_UNUSED_FUNCTION = YES;
				GCC_WARN_UNUSED_VARIABLE = YES;
				IPHONEOS_DEPLOYMENT_TARGET = 15.2;
				MTL_ENABLE_DEBUG_INFO = INCLUDE_SOURCE;
				MTL_FAST_MATH = YES;
				ONLY_ACTIVE_ARCH = YES;
				SDKROOT = iphoneos;
				SWIFT_ACTIVE_COMPILATION_CONDITIONS = DEBUG;
				SWIFT_OPTIMIZATION_LEVEL = "-Onone";
			};
			name = Debug;
		};
		D2FC809527B41E2A003110DA /* Release */ = {
			isa = XCBuildConfiguration;
			buildSettings = {
				ALWAYS_SEARCH_USER_PATHS = NO;
				CLANG_ANALYZER_NONNULL = YES;
				CLANG_ANALYZER_NUMBER_OBJECT_CONVERSION = YES_AGGRESSIVE;
				CLANG_CXX_LANGUAGE_STANDARD = "gnu++17";
				CLANG_CXX_LIBRARY = "libc++";
				CLANG_ENABLE_MODULES = YES;
				CLANG_ENABLE_OBJC_ARC = YES;
				CLANG_ENABLE_OBJC_WEAK = YES;
				CLANG_WARN_BLOCK_CAPTURE_AUTORELEASING = YES;
				CLANG_WARN_BOOL_CONVERSION = YES;
				CLANG_WARN_COMMA = YES;
				CLANG_WARN_CONSTANT_CONVERSION = YES;
				CLANG_WARN_DEPRECATED_OBJC_IMPLEMENTATIONS = YES;
				CLANG_WARN_DIRECT_OBJC_ISA_USAGE = YES_ERROR;
				CLANG_WARN_DOCUMENTATION_COMMENTS = YES;
				CLANG_WARN_EMPTY_BODY = YES;
				CLANG_WARN_ENUM_CONVERSION = YES;
				CLANG_WARN_INFINITE_RECURSION = YES;
				CLANG_WARN_INT_CONVERSION = YES;
				CLANG_WARN_NON_LITERAL_NULL_CONVERSION = YES;
				CLANG_WARN_OBJC_IMPLICIT_RETAIN_SELF = YES;
				CLANG_WARN_OBJC_LITERAL_CONVERSION = YES;
				CLANG_WARN_OBJC_ROOT_CLASS = YES_ERROR;
				CLANG_WARN_QUOTED_INCLUDE_IN_FRAMEWORK_HEADER = YES;
				CLANG_WARN_RANGE_LOOP_ANALYSIS = YES;
				CLANG_WARN_STRICT_PROTOTYPES = YES;
				CLANG_WARN_SUSPICIOUS_MOVE = YES;
				CLANG_WARN_UNGUARDED_AVAILABILITY = YES_AGGRESSIVE;
				CLANG_WARN_UNREACHABLE_CODE = YES;
				CLANG_WARN__DUPLICATE_METHOD_MATCH = YES;
				COPY_PHASE_STRIP = NO;
				DEBUG_INFORMATION_FORMAT = "dwarf-with-dsym";
				ENABLE_NS_ASSERTIONS = NO;
				ENABLE_STRICT_OBJC_MSGSEND = YES;
				GCC_C_LANGUAGE_STANDARD = gnu11;
				GCC_NO_COMMON_BLOCKS = YES;
				GCC_WARN_64_TO_32_BIT_CONVERSION = YES;
				GCC_WARN_ABOUT_RETURN_TYPE = YES_ERROR;
				GCC_WARN_UNDECLARED_SELECTOR = YES;
				GCC_WARN_UNINITIALIZED_AUTOS = YES_AGGRESSIVE;
				GCC_WARN_UNUSED_FUNCTION = YES;
				GCC_WARN_UNUSED_VARIABLE = YES;
				IPHONEOS_DEPLOYMENT_TARGET = 15.2;
				MTL_ENABLE_DEBUG_INFO = NO;
				MTL_FAST_MATH = YES;
				SDKROOT = iphoneos;
				SWIFT_COMPILATION_MODE = wholemodule;
				SWIFT_OPTIMIZATION_LEVEL = "-O";
				VALIDATE_PRODUCT = YES;
			};
			name = Release;
		};
		D2FC809727B41E2A003110DA /* Debug */ = {
			isa = XCBuildConfiguration;
			buildSettings = {
				ASSETCATALOG_COMPILER_APPICON_NAME = AppIcon;
				ASSETCATALOG_COMPILER_GLOBAL_ACCENT_COLOR_NAME = AccentColor;
				CODE_SIGN_STYLE = Automatic;
				CURRENT_PROJECT_VERSION = 1;
				DEVELOPMENT_TEAM = 9V3Q6X8V58;
				GENERATE_INFOPLIST_FILE = YES;
				INFOPLIST_FILE = CryptoViewer/Resources/Info.plist;
				INFOPLIST_KEY_UIApplicationSupportsIndirectInputEvents = YES;
				INFOPLIST_KEY_UILaunchStoryboardName = LaunchScreen;
				INFOPLIST_KEY_UIMainStoryboardFile = Main;
				INFOPLIST_KEY_UISupportedInterfaceOrientations_iPad = "UIInterfaceOrientationPortrait UIInterfaceOrientationPortraitUpsideDown UIInterfaceOrientationLandscapeLeft UIInterfaceOrientationLandscapeRight";
				INFOPLIST_KEY_UISupportedInterfaceOrientations_iPhone = "UIInterfaceOrientationPortrait UIInterfaceOrientationLandscapeLeft UIInterfaceOrientationLandscapeRight";
				LD_RUNPATH_SEARCH_PATHS = (
					"$(inherited)",
					"@executable_path/Frameworks",
				);
				MARKETING_VERSION = 1.0;
				PRODUCT_BUNDLE_IDENTIFIER = com.StatefulApps.CryptoViewer;
				PRODUCT_NAME = "$(TARGET_NAME)";
				SWIFT_EMIT_LOC_STRINGS = YES;
				SWIFT_VERSION = 5.0;
				TARGETED_DEVICE_FAMILY = "1,2";
			};
			name = Debug;
		};
		D2FC809827B41E2A003110DA /* Release */ = {
			isa = XCBuildConfiguration;
			buildSettings = {
				ASSETCATALOG_COMPILER_APPICON_NAME = AppIcon;
				ASSETCATALOG_COMPILER_GLOBAL_ACCENT_COLOR_NAME = AccentColor;
				CODE_SIGN_STYLE = Automatic;
				CURRENT_PROJECT_VERSION = 1;
				DEVELOPMENT_TEAM = 9V3Q6X8V58;
				GENERATE_INFOPLIST_FILE = YES;
				INFOPLIST_FILE = CryptoViewer/Resources/Info.plist;
				INFOPLIST_KEY_UIApplicationSupportsIndirectInputEvents = YES;
				INFOPLIST_KEY_UILaunchStoryboardName = LaunchScreen;
				INFOPLIST_KEY_UIMainStoryboardFile = Main;
				INFOPLIST_KEY_UISupportedInterfaceOrientations_iPad = "UIInterfaceOrientationPortrait UIInterfaceOrientationPortraitUpsideDown UIInterfaceOrientationLandscapeLeft UIInterfaceOrientationLandscapeRight";
				INFOPLIST_KEY_UISupportedInterfaceOrientations_iPhone = "UIInterfaceOrientationPortrait UIInterfaceOrientationLandscapeLeft UIInterfaceOrientationLandscapeRight";
				LD_RUNPATH_SEARCH_PATHS = (
					"$(inherited)",
					"@executable_path/Frameworks",
				);
				MARKETING_VERSION = 1.0;
				PRODUCT_BUNDLE_IDENTIFIER = com.StatefulApps.CryptoViewer;
				PRODUCT_NAME = "$(TARGET_NAME)";
				SWIFT_EMIT_LOC_STRINGS = YES;
				SWIFT_VERSION = 5.0;
				TARGETED_DEVICE_FAMILY = "1,2";
			};
			name = Release;
		};
/* End XCBuildConfiguration section */

/* Begin XCConfigurationList section */
		D2FC807D27B41E28003110DA /* Build configuration list for PBXProject "CryptoViewer" */ = {
			isa = XCConfigurationList;
			buildConfigurations = (
				D2FC809427B41E2A003110DA /* Debug */,
				D2FC809527B41E2A003110DA /* Release */,
			);
			defaultConfigurationIsVisible = 0;
			defaultConfigurationName = Release;
		};
		D2FC809627B41E2A003110DA /* Build configuration list for PBXNativeTarget "CryptoViewer" */ = {
			isa = XCConfigurationList;
			buildConfigurations = (
				D2FC809727B41E2A003110DA /* Debug */,
				D2FC809827B41E2A003110DA /* Release */,
			);
			defaultConfigurationIsVisible = 0;
			defaultConfigurationName = Release;
		};
/* End XCConfigurationList section */
	};
	rootObject = D2FC807A27B41E28003110DA /* Project object */;
}
